// !$*UTF8*$!
{
	archiveVersion = 1;
	classes = {
	};
	objectVersion = 46;
	objects = {

/* Begin PBXBuildFile section */
		9E10454C1C8A45C400AF61F4 /* ItemCell.swift in Sources */ = {isa = PBXBuildFile; fileRef = 9E10454B1C8A45C400AF61F4 /* ItemCell.swift */; };
		9E10454E1C8A56B500AF61F4 /* DetailViewController.swift in Sources */ = {isa = PBXBuildFile; fileRef = 9E10454D1C8A56B500AF61F4 /* DetailViewController.swift */; };
		9E81ED3D1C89E47F00C50904 /* AppDelegate.swift in Sources */ = {isa = PBXBuildFile; fileRef = 9E81ED3C1C89E47F00C50904 /* AppDelegate.swift */; };
		9E81ED421C89E47F00C50904 /* Main.storyboard in Resources */ = {isa = PBXBuildFile; fileRef = 9E81ED401C89E47F00C50904 /* Main.storyboard */; };
		9E81ED441C89E47F00C50904 /* Assets.xcassets in Resources */ = {isa = PBXBuildFile; fileRef = 9E81ED431C89E47F00C50904 /* Assets.xcassets */; };
		9E81ED471C89E47F00C50904 /* LaunchScreen.storyboard in Resources */ = {isa = PBXBuildFile; fileRef = 9E81ED451C89E47F00C50904 /* LaunchScreen.storyboard */; };
		9E8516931C8B28D700DC9673 /* MyTextField.swift in Sources */ = {isa = PBXBuildFile; fileRef = 9E8516921C8B28D700DC9673 /* MyTextField.swift */; };
		9E9A4FE91C89EFD6006BE6A4 /* itemsViewController.swift in Sources */ = {isa = PBXBuildFile; fileRef = 9E9A4FE81C89EFD6006BE6A4 /* itemsViewController.swift */; };
		9E9A4FEB1C89F3D6006BE6A4 /* Item.swift in Sources */ = {isa = PBXBuildFile; fileRef = 9E9A4FEA1C89F3D6006BE6A4 /* Item.swift */; };
		9E9A4FED1C89FE32006BE6A4 /* ItemStore.swift in Sources */ = {isa = PBXBuildFile; fileRef = 9E9A4FEC1C89FE32006BE6A4 /* ItemStore.swift */; };
		9EC8592A1C8CDAC800567C27 /* ImageStore.swift in Sources */ = {isa = PBXBuildFile; fileRef = 9EC859291C8CDAC800567C27 /* ImageStore.swift */; };
/* End PBXBuildFile section */

/* Begin PBXFileReference section */
		9E10454B1C8A45C400AF61F4 /* ItemCell.swift */ = {isa = PBXFileReference; fileEncoding = 4; lastKnownFileType = sourcecode.swift; path = ItemCell.swift; sourceTree = "<group>"; };
		9E10454D1C8A56B500AF61F4 /* DetailViewController.swift */ = {isa = PBXFileReference; fileEncoding = 4; lastKnownFileType = sourcecode.swift; path = DetailViewController.swift; sourceTree = "<group>"; };
		9E81ED391C89E47F00C50904 /* Homepwnr.app */ = {isa = PBXFileReference; explicitFileType = wrapper.application; includeInIndex = 0; path = Homepwnr.app; sourceTree = BUILT_PRODUCTS_DIR; };
		9E81ED3C1C89E47F00C50904 /* AppDelegate.swift */ = {isa = PBXFileReference; lastKnownFileType = sourcecode.swift; path = AppDelegate.swift; sourceTree = "<group>"; };
		9E81ED411C89E47F00C50904 /* Base */ = {isa = PBXFileReference; lastKnownFileType = file.storyboard; name = Base; path = Base.lproj/Main.storyboard; sourceTree = "<group>"; };
		9E81ED431C89E47F00C50904 /* Assets.xcassets */ = {isa = PBXFileReference; lastKnownFileType = folder.assetcatalog; path = Assets.xcassets; sourceTree = "<group>"; };
		9E81ED461C89E47F00C50904 /* Base */ = {isa = PBXFileReference; lastKnownFileType = file.storyboard; name = Base; path = Base.lproj/LaunchScreen.storyboard; sourceTree = "<group>"; };
		9E81ED481C89E47F00C50904 /* Info.plist */ = {isa = PBXFileReference; lastKnownFileType = text.plist.xml; path = Info.plist; sourceTree = "<group>"; };
		9E8516921C8B28D700DC9673 /* MyTextField.swift */ = {isa = PBXFileReference; fileEncoding = 4; lastKnownFileType = sourcecode.swift; path = MyTextField.swift; sourceTree = "<group>"; };
		9E9A4FE81C89EFD6006BE6A4 /* itemsViewController.swift */ = {isa = PBXFileReference; fileEncoding = 4; lastKnownFileType = sourcecode.swift; path = itemsViewController.swift; sourceTree = "<group>"; };
		9E9A4FEA1C89F3D6006BE6A4 /* Item.swift */ = {isa = PBXFileReference; fileEncoding = 4; lastKnownFileType = sourcecode.swift; path = Item.swift; sourceTree = "<group>"; };
		9E9A4FEC1C89FE32006BE6A4 /* ItemStore.swift */ = {isa = PBXFileReference; fileEncoding = 4; lastKnownFileType = sourcecode.swift; path = ItemStore.swift; sourceTree = "<group>"; };
		9EC859291C8CDAC800567C27 /* ImageStore.swift */ = {isa = PBXFileReference; fileEncoding = 4; lastKnownFileType = sourcecode.swift; path = ImageStore.swift; sourceTree = "<group>"; };
/* End PBXFileReference section */

/* Begin PBXFrameworksBuildPhase section */
		9E81ED361C89E47F00C50904 /* Frameworks */ = {
			isa = PBXFrameworksBuildPhase;
			buildActionMask = 2147483647;
			files = (
			);
			runOnlyForDeploymentPostprocessing = 0;
		};
/* End PBXFrameworksBuildPhase section */

/* Begin PBXGroup section */
		9E81ED301C89E47F00C50904 = {
			isa = PBXGroup;
			children = (
				9E81ED3B1C89E47F00C50904 /* Homepwnr */,
				9E81ED3A1C89E47F00C50904 /* Products */,
			);
			sourceTree = "<group>";
		};
		9E81ED3A1C89E47F00C50904 /* Products */ = {
			isa = PBXGroup;
			children = (
				9E81ED391C89E47F00C50904 /* Homepwnr.app */,
			);
			name = Products;
			sourceTree = "<group>";
		};
		9E81ED3B1C89E47F00C50904 /* Homepwnr */ = {
			isa = PBXGroup;
			children = (
				9E81ED3C1C89E47F00C50904 /* AppDelegate.swift */,
				9E8516921C8B28D700DC9673 /* MyTextField.swift */,
				9E81ED401C89E47F00C50904 /* Main.storyboard */,
				9E10454D1C8A56B500AF61F4 /* DetailViewController.swift */,
				9EC859291C8CDAC800567C27 /* ImageStore.swift */,
				9E81ED431C89E47F00C50904 /* Assets.xcassets */,
				9E81ED451C89E47F00C50904 /* LaunchScreen.storyboard */,
				9E81ED481C89E47F00C50904 /* Info.plist */,
				9E9A4FE81C89EFD6006BE6A4 /* itemsViewController.swift */,
				9E10454B1C8A45C400AF61F4 /* ItemCell.swift */,
				9E9A4FEA1C89F3D6006BE6A4 /* Item.swift */,
				9E9A4FEC1C89FE32006BE6A4 /* ItemStore.swift */,
			);
			path = Homepwnr;
			sourceTree = "<group>";
		};
/* End PBXGroup section */

/* Begin PBXNativeTarget section */
		9E81ED381C89E47F00C50904 /* Homepwnr */ = {
			isa = PBXNativeTarget;
			buildConfigurationList = 9E81ED4B1C89E47F00C50904 /* Build configuration list for PBXNativeTarget "Homepwnr" */;
			buildPhases = (
				9E81ED351C89E47F00C50904 /* Sources */,
				9E81ED361C89E47F00C50904 /* Frameworks */,
				9E81ED371C89E47F00C50904 /* Resources */,
			);
			buildRules = (
			);
			dependencies = (
			);
			name = Homepwnr;
			productName = Homepwnr;
			productReference = 9E81ED391C89E47F00C50904 /* Homepwnr.app */;
			productType = "com.apple.product-type.application";
		};
/* End PBXNativeTarget section */

/* Begin PBXProject section */
		9E81ED311C89E47F00C50904 /* Project object */ = {
			isa = PBXProject;
			attributes = {
				LastSwiftUpdateCheck = 0720;
				LastUpgradeCheck = 0720;
				ORGANIZATIONNAME = Sebastian;
				TargetAttributes = {
					9E81ED381C89E47F00C50904 = {
						CreatedOnToolsVersion = 7.2.1;
					};
				};
			};
			buildConfigurationList = 9E81ED341C89E47F00C50904 /* Build configuration list for PBXProject "Homepwnr" */;
			compatibilityVersion = "Xcode 3.2";
			developmentRegion = English;
			hasScannedForEncodings = 0;
			knownRegions = (
				en,
				Base,
			);
			mainGroup = 9E81ED301C89E47F00C50904;
			productRefGroup = 9E81ED3A1C89E47F00C50904 /* Products */;
			projectDirPath = "";
			projectRoot = "";
			targets = (
				9E81ED381C89E47F00C50904 /* Homepwnr */,
			);
		};
/* End PBXProject section */

/* Begin PBXResourcesBuildPhase section */
		9E81ED371C89E47F00C50904 /* Resources */ = {
			isa = PBXResourcesBuildPhase;
			buildActionMask = 2147483647;
			files = (
				9E81ED471C89E47F00C50904 /* LaunchScreen.storyboard in Resources */,
				9E81ED441C89E47F00C50904 /* Assets.xcassets in Resources */,
				9E81ED421C89E47F00C50904 /* Main.storyboard in Resources */,
			);
			runOnlyForDeploymentPostprocessing = 0;
		};
/* End PBXResourcesBuildPhase section */

/* Begin PBXSourcesBuildPhase section */
		9E81ED351C89E47F00C50904 /* Sources */ = {
			isa = PBXSourcesBuildPhase;
			buildActionMask = 2147483647;
			files = (
				9E9A4FE91C89EFD6006BE6A4 /* itemsViewController.swift in Sources */,
				9E8516931C8B28D700DC9673 /* MyTextField.swift in Sources */,
				9E9A4FEB1C89F3D6006BE6A4 /* Item.swift in Sources */,
				9EC8592A1C8CDAC800567C27 /* ImageStore.swift in Sources */,
				9E9A4FED1C89FE32006BE6A4 /* ItemStore.swift in Sources */,
				9E10454E1C8A56B500AF61F4 /* DetailViewController.swift in Sources */,
				9E81ED3D1C89E47F00C50904 /* AppDelegate.swift in Sources */,
				9E10454C1C8A45C400AF61F4 /* ItemCell.swift in Sources */,
			);
			runOnlyForDeploymentPostprocessing = 0;
		};
/* End PBXSourcesBuildPhase section */

/* Begin PBXVariantGroup section */
		9E81ED401C89E47F00C50904 /* Main.storyboard */ = {
			isa = PBXVariantGroup;
			children = (
				9E81ED411C89E47F00C50904 /* Base */,
			);
			name = Main.storyboard;
			sourceTree = "<group>";
		};
		9E81ED451C89E47F00C50904 /* LaunchScreen.storyboard */ = {
			isa = PBXVariantGroup;
			children = (
				9E81ED461C89E47F00C50904 /* Base */,
			);
			name = LaunchScreen.storyboard;
			sourceTree = "<group>";
		};
/* End PBXVariantGroup section */

/* Begin XCBuildConfiguration section */
		9E81ED491C89E47F00C50904 /* Debug */ = {
			isa = XCBuildConfiguration;
			buildSettings = {
				ALWAYS_SEARCH_USER_PATHS = NO;
				CLANG_CXX_LANGUAGE_STANDARD = "gnu++0x";
				CLANG_CXX_LIBRARY = "libc++";
				CLANG_ENABLE_MODULES = YES;
				CLANG_ENABLE_OBJC_ARC = YES;
				CLANG_WARN_BOOL_CONVERSION = YES;
				CLANG_WARN_CONSTANT_CONVERSION = YES;
				CLANG_WARN_DIRECT_OBJC_ISA_USAGE = YES_ERROR;
				CLANG_WARN_EMPTY_BODY = YES;
				CLANG_WARN_ENUM_CONVERSION = YES;
				CLANG_WARN_INT_CONVERSION = YES;
				CLANG_WARN_OBJC_ROOT_CLASS = YES_ERROR;
				CLANG_WARN_UNREACHABLE_CODE = YES;
				CLANG_WARN__DUPLICATE_METHOD_MATCH = YES;
				"CODE_SIGN_IDENTITY[sdk=iphoneos*]" = "iPhone Developer";
				COPY_PHASE_STRIP = NO;
				DEBUG_INFORMATION_FORMAT = dwarf;
				ENABLE_STRICT_OBJC_MSGSEND = YES;
				ENABLE_TESTABILITY = YES;
				GCC_C_LANGUAGE_STANDARD = gnu99;
				GCC_DYNAMIC_NO_PIC = NO;
				GCC_NO_COMMON_BLOCKS = YES;
				GCC_OPTIMIZATION_LEVEL = 0;
				GCC_PREPROCESSOR_DEFINITIONS = (
					"DEBUG=1",
					"$(inherited)",
				);
				GCC_WARN_64_TO_32_BIT_CONVERSION = YES;
				GCC_WARN_ABOUT_RETURN_TYPE = YES_ERROR;
				GCC_WARN_UNDECLARED_SELECTOR = YES;
				GCC_WARN_UNINITIALIZED_AUTOS = YES_AGGRESSIVE;
				GCC_WARN_UNUSED_FUNCTION = YES;
				GCC_WARN_UNUSED_VARIABLE = YES;
				IPHONEOS_DEPLOYMENT_TARGET = 9.2;
				MTL_ENABLE_DEBUG_INFO = YES;
				ONLY_ACTIVE_ARCH = YES;
				SDKROOT = iphoneos;
				SWIFT_OPTIMIZATION_LEVEL = "-Onone";
			};
			name = Debug;
		};
		9E81ED4A1C89E47F00C50904 /* Release */ = {
			isa = XCBuildConfiguration;
			buildSettings = {
				ALWAYS_SEARCH_USER_PATHS = NO;
				CLANG_CXX_LANGUAGE_STANDARD = "gnu++0x";
				CLANG_CXX_LIBRARY = "libc++";
				CLANG_ENABLE_MODULES = YES;
				CLANG_ENABLE_OBJC_ARC = YES;
				CLANG_WARN_BOOL_CONVERSION = YES;
				CLANG_WARN_CONSTANT_CONVERSION = YES;
				CLANG_WARN_DIRECT_OBJC_ISA_USAGE = YES_ERROR;
				CLANG_WARN_EMPTY_BODY = YES;
				CLANG_WARN_ENUM_CONVERSION = YES;
				CLANG_WARN_INT_CONVERSION = YES;
				CLANG_WARN_OBJC_ROOT_CLASS = YES_ERROR;
				CLANG_WARN_UNREACHABLE_CODE = YES;
				CLANG_WARN__DUPLICATE_METHOD_MATCH = YES;
				"CODE_SIGN_IDENTITY[sdk=iphoneos*]" = "iPhone Developer";
				COPY_PHASE_STRIP = NO;
				DEBUG_INFORMATION_FORMAT = "dwarf-with-dsym";
				ENABLE_NS_ASSERTIONS = NO;
				ENABLE_STRICT_OBJC_MSGSEND = YES;
				GCC_C_LANGUAGE_STANDARD = gnu99;
				GCC_NO_COMMON_BLOCKS = YES;
				GCC_WARN_64_TO_32_BIT_CONVERSION = YES;
				GCC_WARN_ABOUT_RETURN_TYPE = YES_ERROR;
				GCC_WARN_UNDECLARED_SELECTOR = YES;
				GCC_WARN_UNINITIALIZED_AUTOS = YES_AGGRESSIVE;
				GCC_WARN_UNUSED_FUNCTION = YES;
				GCC_WARN_UNUSED_VARIABLE = YES;
				IPHONEOS_DEPLOYMENT_TARGET = 9.2;
				MTL_ENABLE_DEBUG_INFO = NO;
				SDKROOT = iphoneos;
				VALIDATE_PRODUCT = YES;
			};
			name = Release;
		};
		9E81ED4C1C89E47F00C50904 /* Debug */ = {
			isa = XCBuildConfiguration;
			buildSettings = {
				ASSETCATALOG_COMPILER_APPICON_NAME = AppIcon;
				INFOPLIST_FILE = Homepwnr/Info.plist;
				LD_RUNPATH_SEARCH_PATHS = "$(inherited) @executable_path/Frameworks";
				PRODUCT_BUNDLE_IDENTIFIER = com.landab.Homepwnr;
				PRODUCT_NAME = "$(TARGET_NAME)";
			};
			name = Debug;
		};
		9E81ED4D1C89E47F00C50904 /* Release */ = {
			isa = XCBuildConfiguration;
			buildSettings = {
				ASSETCATALOG_COMPILER_APPICON_NAME = AppIcon;
				INFOPLIST_FILE = Homepwnr/Info.plist;
				LD_RUNPATH_SEARCH_PATHS = "$(inherited) @executable_path/Frameworks";
				PRODUCT_BUNDLE_IDENTIFIER = com.landab.Homepwnr;
				PRODUCT_NAME = "$(TARGET_NAME)";
			};
			name = Release;
		};
/* End XCBuildConfiguration section */

/* Begin XCConfigurationList section */
		9E81ED341C89E47F00C50904 /* Build configuration list for PBXProject "Homepwnr" */ = {
			isa = XCConfigurationList;
			buildConfigurations = (
				9E81ED491C89E47F00C50904 /* Debug */,
				9E81ED4A1C89E47F00C50904 /* Release */,
			);
			defaultConfigurationIsVisible = 0;
			defaultConfigurationName = Release;
		};
		9E81ED4B1C89E47F00C50904 /* Build configuration list for PBXNativeTarget "Homepwnr" */ = {
			isa = XCConfigurationList;
			buildConfigurations = (
				9E81ED4C1C89E47F00C50904 /* Debug */,
				9E81ED4D1C89E47F00C50904 /* Release */,
			);
			defaultConfigurationIsVisible = 0;
			defaultConfigurationName = Release;
		};
/* End XCConfigurationList section */
	};
	rootObject = 9E81ED311C89E47F00C50904 /* Project object */;
}
